// !$*UTF8*$!
{
	archiveVersion = 1;
	classes = {
	};
	objectVersion = 56;
	objects = {

/* Begin PBXBuildFile section */
		110001 /* AppDelegate.m in Sources */ = {isa = PBXBuildFile; fileRef = 220001 /* AppDelegate.m */; };
		110002 /* ViewController.m in Sources */ = {isa = PBXBuildFile; fileRef = 220002 /* ViewController.m */; };
		110003 /* main.m in Sources */ = {isa = PBXBuildFile; fileRef = 220003 /* main.m */; };
		110004 /* www in Resources */ = {isa = PBXBuildFile; fileRef = 220004 /* www */; };
		110005 /* WebKit.framework in Frameworks */ = {isa = PBXBuildFile; fileRef = 220005 /* WebKit.framework */; };
		110006 /* UIKit.framework in Frameworks */ = {isa = PBXBuildFile; fileRef = 220006 /* UIKit.framework */; };
/* End PBXBuildFile section */

/* Begin PBXFileReference section */
		000001 /* JumpJump.app */ = {isa = PBXFileReference; explicitFileType = wrapper.application; includeInIndex = 0; path = JumpJump.app; sourceTree = BUILT_PRODUCTS_DIR; };
		220001 /* AppDelegate.m */ = {isa = PBXFileReference; lastKnownFileType = sourcecode.c.objc; path = AppDelegate.m; sourceTree = "<group>"; };
		220002 /* ViewController.m */ = {isa = PBXFileReference; lastKnownFileType = sourcecode.c.objc; path = ViewController.m; sourceTree = "<group>"; };
		220003 /* main.m */ = {isa = PBXFileReference; lastKnownFileType = sourcecode.c.objc; path = main.m; sourceTree = "<group>"; };
		220004 /* www */ = {isa = PBXFileReference; lastKnownFileType = folder; path = www; sourceTree = "<group>"; };
		220005 /* WebKit.framework */ = {isa = PBXFileReference; lastKnownFileType = wrapper.framework; name = WebKit.framework; path = System/Library/Frameworks/WebKit.framework; sourceTree = SDKROOT; };
		220006 /* UIKit.framework */ = {isa = PBXFileReference; lastKnownFileType = wrapper.framework; name = UIKit.framework; path = System/Library/Frameworks/UIKit.framework; sourceTree = SDKROOT; };
		220007 /* Info.plist */ = {isa = PBXFileReference; lastKnownFileType = text.plist.xml; path = Info.plist; sourceTree = "<group>"; };
		220008 /* AppDelegate.h */ = {isa = PBXFileReference; lastKnownFileType = sourcecode.c.h; path = AppDelegate.h; sourceTree = "<group>"; };
		220009 /* ViewController.h */ = {isa = PBXFileReference; lastKnownFileType = sourcecode.c.h; path = ViewController.h; sourceTree = "<group>"; };
/* End PBXFileReference section */

/* Begin PBXFrameworksBuildPhase section */
		330001 /* Frameworks */ = {
			isa = PBXFrameworksBuildPhase;
			buildActionMask = 2147483647;
			files = (
				110005 /* WebKit.framework in Frameworks */,
				110006 /* UIKit.framework in Frameworks */,
			);
			runOnlyForDeploymentPostprocessing = 0;
		};
/* End PBXFrameworksBuildPhase section */

/* Begin PBXGroup section */
		440001 = {
			isa = PBXGroup;
			children = (
				440002 /* JumpJump */,
				440003 /* Frameworks */,
				440004 /* Products */,
			);
			sourceTree = "<group>";
		};
		440002 /* JumpJump */ = {
			isa = PBXGroup;
			children = (
				220008 /* AppDelegate.h */,
				220001 /* AppDelegate.m */,
				220009 /* ViewController.h */,
				220002 /* ViewController.m */,
				220003 /* main.m */,
				220007 /* Info.plist */,
				220004 /* www */,
			);
			path = JumpJump;
			sourceTree = "<group>";
		};
		440003 /* Frameworks */ = {
			isa = PBXGroup;
			children = (
				220005 /* WebKit.framework */,
				220006 /* UIKit.framework */,
			);
			name = Frameworks;
			sourceTree = "<group>";
		};
		440004 /* Products */ = {
			isa = PBXGroup;
			children = (
				000001 /* JumpJump.app */,
			);
			name = Products;
			sourceTree = "<group>";
		};
/* End PBXGroup section */

/* Begin PBXNativeTarget section */
		550001 /* JumpJump */ = {
			isa = PBXNativeTarget;
			buildConfigurationList = 660001 /* Build configuration list for PBXNativeTarget "JumpJump" */;
			buildPhases = (
				330001 /* Frameworks */,
				770001 /* Sources */,
				880001 /* Resources */,
			);
			buildRules = (
			);
			dependencies = (
			);
			name = JumpJump;
			productName = JumpJump;
			productReference = 000001 /* JumpJump.app */;
			productType = "com.apple.product-type.application";
		};
/* End PBXNativeTarget section */

/* Begin PBXProject section */
		990001 /* Project object */ = {
			isa = PBXProject;
			attributes = {
				BuildIndependentTargetsInParallel = 1;
				LastUpgradeCheck = 1500;
				TargetAttributes = {
					550001 = {
						CreatedOnToolsVersion = 15.0;
					};
				};
			};
			buildConfigurationList = 660002 /* Build configuration list for PBXProject "JumpJump" */;
			compatibilityVersion = "Xcode 14.0";
			developmentRegion = zh_CN;
			hasScannedForEncodings = 0;
			knownRegions = (
				zh_CN,
				Base,
			);
			mainGroup = 440001;
			productRefGroup = 440004 /* Products */;
			projectDirPath = "";
			projectRoot = "";
			targets = (
				550001 /* JumpJump */,
			);
		};
/* End PBXProject section */

/* Begin PBXResourcesBuildPhase section */
		880001 /* Resources */ = {
			isa = PBXResourcesBuildPhase;
			buildActionMask = 2147483647;
			files = (
				110004 /* www in Resources */,
			);
			runOnlyForDeploymentPostprocessing = 0;
		};
/* End PBXResourcesBuildPhase section */

/* Begin PBXSourcesBuildPhase section */
		770001 /* Sources */ = {
			isa = PBXSourcesBuildPhase;
			buildActionMask = 2147483647;
			files = (
				110001 /* AppDelegate.m in Sources */,
				110002 /* ViewController.m in Sources */,
				110003 /* main.m in Sources */,
			);
			runOnlyForDeploymentPostprocessing = 0;
		};
/* End PBXSourcesBuildPhase section */

/* Begin XCBuildConfiguration section */
		AA0001 /* Debug */ = {
			isa = XCBuildConfiguration;
			buildSettings = {
				ALWAYS_SEARCH_USER_PATHS = NO;
				CLANG_ANALYZER_NONNULL = YES;
				CLANG_ENABLE_MODULES = YES;
				CLANG_ENABLE_OBJC_ARC = YES;
				CODE_SIGN_STYLE = Automatic;
				ENABLE_BITCODE = NO;
				GCC_DYNAMIC_NO_PIC = NO;
				GCC_OPTIMIZATION_LEVEL = 0;
				GCC_PREPROCESSOR_DEFINITIONS = (
					"DEBUG=1",
					"$(inherited)",
				);
				IPHONEOS_DEPLOYMENT_TARGET = 14.0;
				PRODUCT_BUNDLE_IDENTIFIER = com.vitassun.jumpjump;
				PRODUCT_NAME = "$(TARGET_NAME)";
				SDKROOT = iphoneos;
				TARGETED_DEVICE_FAMILY = "1,2";
			};
			name = Debug;
		};
		AA0002 /* Release */ = {
			isa = XCBuildConfiguration;
			buildSettings = {
				ALWAYS_SEARCH_USER_PATHS = NO;
				CLANG_ANALYZER_NONNULL = YES;
				CLANG_ENABLE_MODULES = YES;
				CLANG_ENABLE_OBJC_ARC = YES;
				CODE_SIGN_STYLE = Automatic;
				ENABLE_BITCODE = NO;
				IPHONEOS_DEPLOYMENT_TARGET = 14.0;
				PRODUCT_BUNDLE_IDENTIFIER = com.vitassun.jumpjump;
				PRODUCT_NAME = "$(TARGET_NAME)";
				SDKROOT = iphoneos;
				TARGETED_DEVICE_FAMILY = "1,2";
				VALIDATE_PRODUCT = YES;
			};
			name = Release;
		};
		AA0003 /* Debug */ = {
			isa = XCBuildConfiguration;
			buildSettings = {
				ASSETCATALOG_COMPILER_APPICON_NAME = AppIcon;
				INFOPLIST_FILE = JumpJump/Info.plist;
				LD_RUNPATH_SEARCH_PATHS = (
					"$(inherited)",
					"@executable_path/Frameworks",
				);
				PRODUCT_BUNDLE_IDENTIFIER = com.vitassun.jumpjump;
				PRODUCT_NAME = "$(TARGET_NAME)";
			};
			name = Debug;
		};
		AA0004 /* Release */ = {
			isa = XCBuildConfiguration;
			buildSettings = {
				ASSETCATALOG_COMPILER_APPICON_NAME = AppIcon;
				INFOPLIST_FILE = JumpJump/Info.plist;
				LD_RUNPATH_SEARCH_PATHS = (
					"$(inherited)",
					"@executable_path/Frameworks",
				);
				PRODUCT_BUNDLE_IDENTIFIER = com.vitassun.jumpjump;
				PRODUCT_NAME = "$(TARGET_NAME)";
			};
			name = Release;
		};
/* End XCBuildConfiguration section */

/* Begin XCConfigurationList section */
		660001 /* Build configuration list for PBXNativeTarget "JumpJump" */ = {
			isa = XCConfigurationList;
			buildConfigurations = (
				AA0003 /* Debug */,
				AA0004 /* Release */,
			);
			defaultConfigurationIsVisible = 0;
			defaultConfigurationName = Release;
		};
		660002 /* Build configuration list for PBXProject "JumpJump" */ = {
			isa = XCConfigurationList;
			buildConfigurations = (
				AA0001 /* Debug */,
				AA0002 /* Release */,
			);
			defaultConfigurationIsVisible = 0;
			defaultConfigurationName = Release;
		};
/* End XCConfigurationList section */

	};
	rootObject = 990001 /* Project object */;
}
